# THIS IS AN AUTOGENERATED FILE. DO NOT EDIT THIS FILE DIRECTLY.
# yarn lockfile v1


"@openzeppelin/contracts@^5.3.0":
  version "5.3.0"
  resolved "https://registry.yarnpkg.com/@openzeppelin/contracts/-/contracts-5.3.0.tgz#0a90ce16f5c855e3c8239691f1722cd4999ae741"
  integrity sha512-zj/KGoW7zxWUE8qOI++rUM18v+VeLTTzKs/DJFkSzHpQFPD/jKKF0TrMxBfGLl3kpdELCNccvB3zmofSzm4nlA==
